
Microsoft Visual Studio Solution File, Format Version 12.00
# Visual Studio Version 17
VisualStudioVersion = 17.12.35527.113 d17.12
MinimumVisualStudioVersion = 10.0.40219.1
Project("{FAE04EC0-301F-11D3-BF4B-00C04F79EFBC}") = "Uygulama3", "Uygulama3.csproj", "{16282CD8-B0AF-442A-976D-E48DC582E6FF}"
EndProject
Project("{2150E333-8FDC-42A3-9474-1A3956D46DE8}") = "Çözüm Öğeleri", "Çözüm Öğeleri", "{D4F63723-7312-44A5-8E19-E32E7E751ED2}"
	ProjectSection(SolutionItems) = preProject
		Sayi.cs = Sayi.cs
	EndProjectSection
EndProject
Global
	GlobalSection(SolutionConfigurationPlatforms) = preSolution
		Debug|Any CPU = Debug|Any CPU
		Release|Any CPU = Release|Any CPU
	EndGlobalSection
	GlobalSection(ProjectConfigurationPlatforms) = postSolution
		{16282CD8-B0AF-442A-976D-E48DC582E6FF}.Debug|Any CPU.ActiveCfg = Debug|Any CPU
		{16282CD8-B0AF-442A-976D-E48DC582E6FF}.Debug|Any CPU.Build.0 = Debug|Any CPU
		{16282CD8-B0AF-442A-976D-E48DC582E6FF}.Release|Any CPU.ActiveCfg = Release|Any CPU
		{16282CD8-B0AF-442A-976D-E48DC582E6FF}.Release|Any CPU.Build.0 = Release|Any CPU
	EndGlobalSection
	GlobalSection(SolutionProperties) = preSolution
		HideSolutionNode = FALSE
	EndGlobalSection
EndGlobal
